
Microsoft Visual Studio Solution File, Format Version 12.00
# Visual Studio Version 16
VisualStudioVersion = 16.0.29920.165
MinimumVisualStudioVersion = 10.0.40219.1
Project("{FAE04EC0-301F-11D3-BF4B-00C04F79EFBC}") = "AccessControlPortal", "AccessControlPortal\AccessControlPortal.csproj", "{95A385F8-C190-44CC-ACFD-EDF98A7E2731}"
EndProject
Global
	GlobalSection(SolutionConfigurationPlatforms) = preSolution
		Debug|Any CPU = Debug|Any CPU
		Release|Any CPU = Release|Any CPU
	EndGlobalSection
	GlobalSection(ProjectConfigurationPlatforms) = postSolution
		{95A385F8-C190-44CC-ACFD-EDF98A7E2731}.Debug|Any CPU.ActiveCfg = Debug|Any CPU
		{95A385F8-C190-44CC-ACFD-EDF98A7E2731}.Debug|Any CPU.Build.0 = Debug|Any CPU
		{95A385F8-C190-44CC-ACFD-EDF98A7E2731}.Release|Any CPU.ActiveCfg = Release|Any CPU
		{95A385F8-C190-44CC-ACFD-EDF98A7E2731}.Release|Any CPU.Build.0 = Release|Any CPU
	EndGlobalSection
	GlobalSection(SolutionProperties) = preSolution
		HideSolutionNode = FALSE
	EndGlobalSection
	GlobalSection(ExtensibilityGlobals) = postSolution
		SolutionGuid = {38368F7D-A8E6-4088-9D30-6F3E4BB2E227}
	EndGlobalSection
EndGlobal
